// !$*UTF8*$!
{
	archiveVersion = 1;
	classes = {
	};
	objectVersion = 48;
	objects = {

/* Begin PBXBuildFile section */
		E77AA4981FFCD48A00812F45 /* AppDelegate.swift in Sources */ = {isa = PBXBuildFile; fileRef = E77AA4971FFCD48A00812F45 /* AppDelegate.swift */; };
		E77AA49A1FFCD48A00812F45 /* ViewController.swift in Sources */ = {isa = PBXBuildFile; fileRef = E77AA4991FFCD48A00812F45 /* ViewController.swift */; };
		E77AA49D1FFCD48A00812F45 /* Main.storyboard in Resources */ = {isa = PBXBuildFile; fileRef = E77AA49B1FFCD48A00812F45 /* Main.storyboard */; };
		E77AA49F1FFCD48A00812F45 /* Assets.xcassets in Resources */ = {isa = PBXBuildFile; fileRef = E77AA49E1FFCD48A00812F45 /* Assets.xcassets */; };
		E77AA4A21FFCD48A00812F45 /* LaunchScreen.storyboard in Resources */ = {isa = PBXBuildFile; fileRef = E77AA4A01FFCD48A00812F45 /* LaunchScreen.storyboard */; };
		E77AA4AD1FFCD48A00812F45 /* iPhoneXDemoTests.swift in Sources */ = {isa = PBXBuildFile; fileRef = E77AA4AC1FFCD48A00812F45 /* iPhoneXDemoTests.swift */; };
		E77AA4B81FFCD48B00812F45 /* iPhoneXDemoUITests.swift in Sources */ = {isa = PBXBuildFile; fileRef = E77AA4B71FFCD48B00812F45 /* iPhoneXDemoUITests.swift */; };
		E77AA4CA1FFE1EE100812F45 /* Durations.swift in Sources */ = {isa = PBXBuildFile; fileRef = E77AA4C91FFE1EE100812F45 /* Durations.swift */; };
/* End PBXBuildFile section */

/* Begin PBXContainerItemProxy section */
		E77AA4A91FFCD48A00812F45 /* PBXContainerItemProxy */ = {
			isa = PBXContainerItemProxy;
			containerPortal = E77AA48C1FFCD48A00812F45 /* Project object */;
			proxyType = 1;
			remoteGlobalIDString = E77AA4931FFCD48A00812F45;
			remoteInfo = iPhoneXDemo;
		};
		E77AA4B41FFCD48B00812F45 /* PBXContainerItemProxy */ = {
			isa = PBXContainerItemProxy;
			containerPortal = E77AA48C1FFCD48A00812F45 /* Project object */;
			proxyType = 1;
			remoteGlobalIDString = E77AA4931FFCD48A00812F45;
			remoteInfo = iPhoneXDemo;
		};
/* End PBXContainerItemProxy section */

/* Begin PBXFileReference section */
		E77AA4941FFCD48A00812F45 /* iPhoneXDemo.app */ = {isa = PBXFileReference; explicitFileType = wrapper.application; includeInIndex = 0; path = iPhoneXDemo.app; sourceTree = BUILT_PRODUCTS_DIR; };
		E77AA4971FFCD48A00812F45 /* AppDelegate.swift */ = {isa = PBXFileReference; lastKnownFileType = sourcecode.swift; path = AppDelegate.swift; sourceTree = "<group>"; };
		E77AA4991FFCD48A00812F45 /* ViewController.swift */ = {isa = PBXFileReference; lastKnownFileType = sourcecode.swift; path = ViewController.swift; sourceTree = "<group>"; };
		E77AA49C1FFCD48A00812F45 /* Base */ = {isa = PBXFileReference; lastKnownFileType = file.storyboard; name = Base; path = Base.lproj/Main.storyboard; sourceTree = "<group>"; };
		E77AA49E1FFCD48A00812F45 /* Assets.xcassets */ = {isa = PBXFileReference; lastKnownFileType = folder.assetcatalog; path = Assets.xcassets; sourceTree = "<group>"; };
		E77AA4A11FFCD48A00812F45 /* Base */ = {isa = PBXFileReference; lastKnownFileType = file.storyboard; name = Base; path = Base.lproj/LaunchScreen.storyboard; sourceTree = "<group>"; };
		E77AA4A31FFCD48A00812F45 /* Info.plist */ = {isa = PBXFileReference; lastKnownFileType = text.plist.xml; path = Info.plist; sourceTree = "<group>"; };
		E77AA4A81FFCD48A00812F45 /* iPhoneXDemoTests.xctest */ = {isa = PBXFileReference; explicitFileType = wrapper.cfbundle; includeInIndex = 0; path = iPhoneXDemoTests.xctest; sourceTree = BUILT_PRODUCTS_DIR; };
		E77AA4AC1FFCD48A00812F45 /* iPhoneXDemoTests.swift */ = {isa = PBXFileReference; lastKnownFileType = sourcecode.swift; path = iPhoneXDemoTests.swift; sourceTree = "<group>"; };
		E77AA4AE1FFCD48A00812F45 /* Info.plist */ = {isa = PBXFileReference; lastKnownFileType = text.plist.xml; path = Info.plist; sourceTree = "<group>"; };
		E77AA4B31FFCD48B00812F45 /* iPhoneXDemoUITests.xctest */ = {isa = PBXFileReference; explicitFileType = wrapper.cfbundle; includeInIndex = 0; path = iPhoneXDemoUITests.xctest; sourceTree = BUILT_PRODUCTS_DIR; };
		E77AA4B71FFCD48B00812F45 /* iPhoneXDemoUITests.swift */ = {isa = PBXFileReference; lastKnownFileType = sourcecode.swift; path = iPhoneXDemoUITests.swift; sourceTree = "<group>"; };
		E77AA4B91FFCD48B00812F45 /* Info.plist */ = {isa = PBXFileReference; lastKnownFileType = text.plist.xml; path = Info.plist; sourceTree = "<group>"; };
		E77AA4C91FFE1EE100812F45 /* Durations.swift */ = {isa = PBXFileReference; lastKnownFileType = sourcecode.swift; path = Durations.swift; sourceTree = "<group>"; };
/* End PBXFileReference section */

/* Begin PBXFrameworksBuildPhase section */
		E77AA4911FFCD48A00812F45 /* Frameworks */ = {
			isa = PBXFrameworksBuildPhase;
			buildActionMask = 2147483647;
			files = (
			);
			runOnlyForDeploymentPostprocessing = 0;
		};
		E77AA4A51FFCD48A00812F45 /* Frameworks */ = {
			isa = PBXFrameworksBuildPhase;
			buildActionMask = 2147483647;
			files = (
			);
			runOnlyForDeploymentPostprocessing = 0;
		};
		E77AA4B01FFCD48B00812F45 /* Frameworks */ = {
			isa = PBXFrameworksBuildPhase;
			buildActionMask = 2147483647;
			files = (
			);
			runOnlyForDeploymentPostprocessing = 0;
		};
/* End PBXFrameworksBuildPhase section */

/* Begin PBXGroup section */
		E77AA48B1FFCD48A00812F45 = {
			isa = PBXGroup;
			children = (
				E77AA4961FFCD48A00812F45 /* iPhoneXDemo */,
				E77AA4AB1FFCD48A00812F45 /* iPhoneXDemoTests */,
				E77AA4B61FFCD48B00812F45 /* iPhoneXDemoUITests */,
				E77AA4951FFCD48A00812F45 /* Products */,
			);
			sourceTree = "<group>";
		};
		E77AA4951FFCD48A00812F45 /* Products */ = {
			isa = PBXGroup;
			children = (
				E77AA4941FFCD48A00812F45 /* iPhoneXDemo.app */,
				E77AA4A81FFCD48A00812F45 /* iPhoneXDemoTests.xctest */,
				E77AA4B31FFCD48B00812F45 /* iPhoneXDemoUITests.xctest */,
			);
			name = Products;
			sourceTree = "<group>";
		};
		E77AA4961FFCD48A00812F45 /* iPhoneXDemo */ = {
			isa = PBXGroup;
			children = (
				E77AA4971FFCD48A00812F45 /* AppDelegate.swift */,
				E77AA4991FFCD48A00812F45 /* ViewController.swift */,
				E77AA49B1FFCD48A00812F45 /* Main.storyboard */,
				E77AA49E1FFCD48A00812F45 /* Assets.xcassets */,
				E77AA4C91FFE1EE100812F45 /* Durations.swift */,
				E77AA4A01FFCD48A00812F45 /* LaunchScreen.storyboard */,
				E77AA4A31FFCD48A00812F45 /* Info.plist */,
			);
			path = iPhoneXDemo;
			sourceTree = "<group>";
		};
		E77AA4AB1FFCD48A00812F45 /* iPhoneXDemoTests */ = {
			isa = PBXGroup;
			children = (
				E77AA4AC1FFCD48A00812F45 /* iPhoneXDemoTests.swift */,
				E77AA4AE1FFCD48A00812F45 /* Info.plist */,
			);
			path = iPhoneXDemoTests;
			sourceTree = "<group>";
		};
		E77AA4B61FFCD48B00812F45 /* iPhoneXDemoUITests */ = {
			isa = PBXGroup;
			children = (
				E77AA4B71FFCD48B00812F45 /* iPhoneXDemoUITests.swift */,
				E77AA4B91FFCD48B00812F45 /* Info.plist */,
			);
			path = iPhoneXDemoUITests;
			sourceTree = "<group>";
		};
/* End PBXGroup section */

/* Begin PBXNativeTarget section */
		E77AA4931FFCD48A00812F45 /* iPhoneXDemo */ = {
			isa = PBXNativeTarget;
			buildConfigurationList = E77AA4BC1FFCD48B00812F45 /* Build configuration list for PBXNativeTarget "iPhoneXDemo" */;
			buildPhases = (
				E77AA4901FFCD48A00812F45 /* Sources */,
				E77AA4911FFCD48A00812F45 /* Frameworks */,
				E77AA4921FFCD48A00812F45 /* Resources */,
			);
			buildRules = (
			);
			dependencies = (
			);
			name = iPhoneXDemo;
			productName = iPhoneXDemo;
			productReference = E77AA4941FFCD48A00812F45 /* iPhoneXDemo.app */;
			productType = "com.apple.product-type.application";
		};
		E77AA4A71FFCD48A00812F45 /* iPhoneXDemoTests */ = {
			isa = PBXNativeTarget;
			buildConfigurationList = E77AA4BF1FFCD48B00812F45 /* Build configuration list for PBXNativeTarget "iPhoneXDemoTests" */;
			buildPhases = (
				E77AA4A41FFCD48A00812F45 /* Sources */,
				E77AA4A51FFCD48A00812F45 /* Frameworks */,
				E77AA4A61FFCD48A00812F45 /* Resources */,
			);
			buildRules = (
			);
			dependencies = (
				E77AA4AA1FFCD48A00812F45 /* PBXTargetDependency */,
			);
			name = iPhoneXDemoTests;
			productName = iPhoneXDemoTests;
			productReference = E77AA4A81FFCD48A00812F45 /* iPhoneXDemoTests.xctest */;
			productType = "com.apple.product-type.bundle.unit-test";
		};
		E77AA4B21FFCD48B00812F45 /* iPhoneXDemoUITests */ = {
			isa = PBXNativeTarget;
			buildConfigurationList = E77AA4C21FFCD48B00812F45 /* Build configuration list for PBXNativeTarget "iPhoneXDemoUITests" */;
			buildPhases = (
				E77AA4AF1FFCD48B00812F45 /* Sources */,
				E77AA4B01FFCD48B00812F45 /* Frameworks */,
				E77AA4B11FFCD48B00812F45 /* Resources */,
			);
			buildRules = (
			);
			dependencies = (
				E77AA4B51FFCD48B00812F45 /* PBXTargetDependency */,
			);
			name = iPhoneXDemoUITests;
			productName = iPhoneXDemoUITests;
			productReference = E77AA4B31FFCD48B00812F45 /* iPhoneXDemoUITests.xctest */;
			productType = "com.apple.product-type.bundle.ui-testing";
		};
/* End PBXNativeTarget section */

/* Begin PBXProject section */
		E77AA48C1FFCD48A00812F45 /* Project object */ = {
			isa = PBXProject;
			attributes = {
				LastSwiftUpdateCheck = 0920;
				LastUpgradeCheck = 0920;
				ORGANIZATIONNAME = cyrill.win;
				TargetAttributes = {
					E77AA4931FFCD48A00812F45 = {
						CreatedOnToolsVersion = 9.2;
						ProvisioningStyle = Automatic;
					};
					E77AA4A71FFCD48A00812F45 = {
						CreatedOnToolsVersion = 9.2;
						ProvisioningStyle = Automatic;
						TestTargetID = E77AA4931FFCD48A00812F45;
					};
					E77AA4B21FFCD48B00812F45 = {
						CreatedOnToolsVersion = 9.2;
						ProvisioningStyle = Automatic;
						TestTargetID = E77AA4931FFCD48A00812F45;
					};
				};
			};
			buildConfigurationList = E77AA48F1FFCD48A00812F45 /* Build configuration list for PBXProject "iPhoneXDemo" */;
			compatibilityVersion = "Xcode 8.0";
			developmentRegion = en;
			hasScannedForEncodings = 0;
			knownRegions = (
				en,
				Base,
			);
			mainGroup = E77AA48B1FFCD48A00812F45;
			productRefGroup = E77AA4951FFCD48A00812F45 /* Products */;
			projectDirPath = "";
			projectRoot = "";
			targets = (
				E77AA4931FFCD48A00812F45 /* iPhoneXDemo */,
				E77AA4A71FFCD48A00812F45 /* iPhoneXDemoTests */,
				E77AA4B21FFCD48B00812F45 /* iPhoneXDemoUITests */,
			);
		};
/* End PBXProject section */

/* Begin PBXResourcesBuildPhase section */
		E77AA4921FFCD48A00812F45 /* Resources */ = {
			isa = PBXResourcesBuildPhase;
			buildActionMask = 2147483647;
			files = (
				E77AA4A21FFCD48A00812F45 /* LaunchScreen.storyboard in Resources */,
				E77AA49F1FFCD48A00812F45 /* Assets.xcassets in Resources */,
				E77AA49D1FFCD48A00812F45 /* Main.storyboard in Resources */,
			);
			runOnlyForDeploymentPostprocessing = 0;
		};
		E77AA4A61FFCD48A00812F45 /* Resources */ = {
			isa = PBXResourcesBuildPhase;
			buildActionMask = 2147483647;
			files = (
			);
			runOnlyForDeploymentPostprocessing = 0;
		};
		E77AA4B11FFCD48B00812F45 /* Resources */ = {
			isa = PBXResourcesBuildPhase;
			buildActionMask = 2147483647;
			files = (
			);
			runOnlyForDeploymentPostprocessing = 0;
		};
/* End PBXResourcesBuildPhase section */

/* Begin PBXSourcesBuildPhase section */
		E77AA4901FFCD48A00812F45 /* Sources */ = {
			isa = PBXSourcesBuildPhase;
			buildActionMask = 2147483647;
			files = (
				E77AA49A1FFCD48A00812F45 /* ViewController.swift in Sources */,
				E77AA4981FFCD48A00812F45 /* AppDelegate.swift in Sources */,
				E77AA4CA1FFE1EE100812F45 /* Durations.swift in Sources */,
			);
			runOnlyForDeploymentPostprocessing = 0;
		};
		E77AA4A41FFCD48A00812F45 /* Sources */ = {
			isa = PBXSourcesBuildPhase;
			buildActionMask = 2147483647;
			files = (
				E77AA4AD1FFCD48A00812F45 /* iPhoneXDemoTests.swift in Sources */,
			);
			runOnlyForDeploymentPostprocessing = 0;
		};
		E77AA4AF1FFCD48B00812F45 /* Sources */ = {
			isa = PBXSourcesBuildPhase;
			buildActionMask = 2147483647;
			files = (
				E77AA4B81FFCD48B00812F45 /* iPhoneXDemoUITests.swift in Sources */,
			);
			runOnlyForDeploymentPostprocessing = 0;
		};
/* End PBXSourcesBuildPhase section */

/* Begin PBXTargetDependency section */
		E77AA4AA1FFCD48A00812F45 /* PBXTargetDependency */ = {
			isa = PBXTargetDependency;
			target = E77AA4931FFCD48A00812F45 /* iPhoneXDemo */;
			targetProxy = E77AA4A91FFCD48A00812F45 /* PBXContainerItemProxy */;
		};
		E77AA4B51FFCD48B00812F45 /* PBXTargetDependency */ = {
			isa = PBXTargetDependency;
			target = E77AA4931FFCD48A00812F45 /* iPhoneXDemo */;
			targetProxy = E77AA4B41FFCD48B00812F45 /* PBXContainerItemProxy */;
		};
/* End PBXTargetDependency section */

/* Begin PBXVariantGroup section */
		E77AA49B1FFCD48A00812F45 /* Main.storyboard */ = {
			isa = PBXVariantGroup;
			children = (
				E77AA49C1FFCD48A00812F45 /* Base */,
			);
			name = Main.storyboard;
			sourceTree = "<group>";
		};
		E77AA4A01FFCD48A00812F45 /* LaunchScreen.storyboard */ = {
			isa = PBXVariantGroup;
			children = (
				E77AA4A11FFCD48A00812F45 /* Base */,
			);
			name = LaunchScreen.storyboard;
			sourceTree = "<group>";
		};
/* End PBXVariantGroup section */

/* Begin XCBuildConfiguration section */
		E77AA4BA1FFCD48B00812F45 /* Debug */ = {
			isa = XCBuildConfiguration;
			buildSettings = {
				ALWAYS_SEARCH_USER_PATHS = NO;
				CLANG_ANALYZER_NONNULL = YES;
				CLANG_ANALYZER_NUMBER_OBJECT_CONVERSION = YES_AGGRESSIVE;
				CLANG_CXX_LANGUAGE_STANDARD = "gnu++14";
				CLANG_CXX_LIBRARY = "libc++";
				CLANG_ENABLE_MODULES = YES;
				CLANG_ENABLE_OBJC_ARC = YES;
				CLANG_WARN_BLOCK_CAPTURE_AUTORELEASING = YES;
				CLANG_WARN_BOOL_CONVERSION = YES;
				CLANG_WARN_COMMA = YES;
				CLANG_WARN_CONSTANT_CONVERSION = YES;
				CLANG_WARN_DIRECT_OBJC_ISA_USAGE = YES_ERROR;
				CLANG_WARN_DOCUMENTATION_COMMENTS = YES;
				CLANG_WARN_EMPTY_BODY = YES;
				CLANG_WARN_ENUM_CONVERSION = YES;
				CLANG_WARN_INFINITE_RECURSION = YES;
				CLANG_WARN_INT_CONVERSION = YES;
				CLANG_WARN_NON_LITERAL_NULL_CONVERSION = YES;
				CLANG_WARN_OBJC_LITERAL_CONVERSION = YES;
				CLANG_WARN_OBJC_ROOT_CLASS = YES_ERROR;
				CLANG_WARN_RANGE_LOOP_ANALYSIS = YES;
				CLANG_WARN_STRICT_PROTOTYPES = YES;
				CLANG_WARN_SUSPICIOUS_MOVE = YES;
				CLANG_WARN_UNGUARDED_AVAILABILITY = YES_AGGRESSIVE;
				CLANG_WARN_UNREACHABLE_CODE = YES;
				CLANG_WARN__DUPLICATE_METHOD_MATCH = YES;
				CODE_SIGN_IDENTITY = "iPhone Developer";
				COPY_PHASE_STRIP = NO;
				DEBUG_INFORMATION_FORMAT = dwarf;
				ENABLE_STRICT_OBJC_MSGSEND = YES;
				ENABLE_TESTABILITY = YES;
				GCC_C_LANGUAGE_STANDARD = gnu11;
				GCC_DYNAMIC_NO_PIC = NO;
				GCC_NO_COMMON_BLOCKS = YES;
				GCC_OPTIMIZATION_LEVEL = 0;
				GCC_PREPROCESSOR_DEFINITIONS = (
					"DEBUG=1",
					"$(inherited)",
				);
				GCC_WARN_64_TO_32_BIT_CONVERSION = YES;
				GCC_WARN_ABOUT_RETURN_TYPE = YES_ERROR;
				GCC_WARN_UNDECLARED_SELECTOR = YES;
				GCC_WARN_UNINITIALIZED_AUTOS = YES_AGGRESSIVE;
				GCC_WARN_UNUSED_FUNCTION = YES;
				GCC_WARN_UNUSED_VARIABLE = YES;
				IPHONEOS_DEPLOYMENT_TARGET = 11.2;
				MTL_ENABLE_DEBUG_INFO = YES;
				ONLY_ACTIVE_ARCH = YES;
				SDKROOT = iphoneos;
				SWIFT_ACTIVE_COMPILATION_CONDITIONS = DEBUG;
				SWIFT_OPTIMIZATION_LEVEL = "-Onone";
			};
			name = Debug;
		};
		E77AA4BB1FFCD48B00812F45 /* Release */ = {
			isa = XCBuildConfiguration;
			buildSettings = {
				ALWAYS_SEARCH_USER_PATHS = NO;
				CLANG_ANALYZER_NONNULL = YES;
				CLANG_ANALYZER_NUMBER_OBJECT_CONVERSION = YES_AGGRESSIVE;
				CLANG_CXX_LANGUAGE_STANDARD = "gnu++14";
				CLANG_CXX_LIBRARY = "libc++";
				CLANG_ENABLE_MODULES = YES;
				CLANG_ENABLE_OBJC_ARC = YES;
				CLANG_WARN_BLOCK_CAPTURE_AUTORELEASING = YES;
				CLANG_WARN_BOOL_CONVERSION = YES;
				CLANG_WARN_COMMA = YES;
				CLANG_WARN_CONSTANT_CONVERSION = YES;
				CLANG_WARN_DIRECT_OBJC_ISA_USAGE = YES_ERROR;
				CLANG_WARN_DOCUMENTATION_COMMENTS = YES;
				CLANG_WARN_EMPTY_BODY = YES;
				CLANG_WARN_ENUM_CONVERSION = YES;
				CLANG_WARN_INFINITE_RECURSION = YES;
				CLANG_WARN_INT_CONVERSION = YES;
				CLANG_WARN_NON_LITERAL_NULL_CONVERSION = YES;
				CLANG_WARN_OBJC_LITERAL_CONVERSION = YES;
				CLANG_WARN_OBJC_ROOT_CLASS = YES_ERROR;
				CLANG_WARN_RANGE_LOOP_ANALYSIS = YES;
				CLANG_WARN_STRICT_PROTOTYPES = YES;
				CLANG_WARN_SUSPICIOUS_MOVE = YES;
				CLANG_WARN_UNGUARDED_AVAILABILITY = YES_AGGRESSIVE;
				CLANG_WARN_UNREACHABLE_CODE = YES;
				CLANG_WARN__DUPLICATE_METHOD_MATCH = YES;
				CODE_SIGN_IDENTITY = "iPhone Developer";
				COPY_PHASE_STRIP = NO;
				DEBUG_INFORMATION_FORMAT = "dwarf-with-dsym";
				ENABLE_NS_ASSERTIONS = NO;
				ENABLE_STRICT_OBJC_MSGSEND = YES;
				GCC_C_LANGUAGE_STANDARD = gnu11;
				GCC_NO_COMMON_BLOCKS = YES;
				GCC_WARN_64_TO_32_BIT_CONVERSION = YES;
				GCC_WARN_ABOUT_RETURN_TYPE = YES_ERROR;
				GCC_WARN_UNDECLARED_SELECTOR = YES;
				GCC_WARN_UNINITIALIZED_AUTOS = YES_AGGRESSIVE;
				GCC_WARN_UNUSED_FUNCTION = YES;
				GCC_WARN_UNUSED_VARIABLE = YES;
				IPHONEOS_DEPLOYMENT_TARGET = 11.2;
				MTL_ENABLE_DEBUG_INFO = NO;
				SDKROOT = iphoneos;
				SWIFT_OPTIMIZATION_LEVEL = "-Owholemodule";
				VALIDATE_PRODUCT = YES;
			};
			name = Release;
		};
		E77AA4BD1FFCD48B00812F45 /* Debug */ = {
			isa = XCBuildConfiguration;
			buildSettings = {
				ASSETCATALOG_COMPILER_APPICON_NAME = AppIcon;
				CODE_SIGN_STYLE = Automatic;
				DEVELOPMENT_TEAM = JXJV99SFC3;
				INFOPLIST_FILE = iPhoneXDemo/Info.plist;
				LD_RUNPATH_SEARCH_PATHS = "$(inherited) @executable_path/Frameworks";
				PRODUCT_BUNDLE_IDENTIFIER = com.cyrill..iPhoneXDemo;
				PRODUCT_NAME = "$(TARGET_NAME)";
				SWIFT_VERSION = 4.0;
				TARGETED_DEVICE_FAMILY = "1,2";
			};
			name = Debug;
		};
		E77AA4BE1FFCD48B00812F45 /* Release */ = {
			isa = XCBuildConfiguration;
			buildSettings = {
				ASSETCATALOG_COMPILER_APPICON_NAME = AppIcon;
				CODE_SIGN_STYLE = Automatic;
				DEVELOPMENT_TEAM = JXJV99SFC3;
				INFOPLIST_FILE = iPhoneXDemo/Info.plist;
				LD_RUNPATH_SEARCH_PATHS = "$(inherited) @executable_path/Frameworks";
				PRODUCT_BUNDLE_IDENTIFIER = com.cyrill..iPhoneXDemo;
				PRODUCT_NAME = "$(TARGET_NAME)";
				SWIFT_VERSION = 4.0;
				TARGETED_DEVICE_FAMILY = "1,2";
			};
			name = Release;
		};
		E77AA4C01FFCD48B00812F45 /* Debug */ = {
			isa = XCBuildConfiguration;
			buildSettings = {
				ALWAYS_EMBED_SWIFT_STANDARD_LIBRARIES = YES;
				BUNDLE_LOADER = "$(TEST_HOST)";
				CODE_SIGN_STYLE = Automatic;
				DEVELOPMENT_TEAM = JXJV99SFC3;
				INFOPLIST_FILE = iPhoneXDemoTests/Info.plist;
				LD_RUNPATH_SEARCH_PATHS = "$(inherited) @executable_path/Frameworks @loader_path/Frameworks";
				PRODUCT_BUNDLE_IDENTIFIER = com.cyrill..iPhoneXDemoTests;
				PRODUCT_NAME = "$(TARGET_NAME)";
				SWIFT_VERSION = 4.0;
				TARGETED_DEVICE_FAMILY = "1,2";
				TEST_HOST = "$(BUILT_PRODUCTS_DIR)/iPhoneXDemo.app/iPhoneXDemo";
			};
			name = Debug;
		};
		E77AA4C11FFCD48B00812F45 /* Release */ = {
			isa = XCBuildConfiguration;
			buildSettings = {
				ALWAYS_EMBED_SWIFT_STANDARD_LIBRARIES = YES;
				BUNDLE_LOADER = "$(TEST_HOST)";
				CODE_SIGN_STYLE = Automatic;
				DEVELOPMENT_TEAM = JXJV99SFC3;
				INFOPLIST_FILE = iPhoneXDemoTests/Info.plist;
				LD_RUNPATH_SEARCH_PATHS = "$(inherited) @executable_path/Frameworks @loader_path/Frameworks";
				PRODUCT_BUNDLE_IDENTIFIER = com.cyrill..iPhoneXDemoTests;
				PRODUCT_NAME = "$(TARGET_NAME)";
				SWIFT_VERSION = 4.0;
				TARGETED_DEVICE_FAMILY = "1,2";
				TEST_HOST = "$(BUILT_PRODUCTS_DIR)/iPhoneXDemo.app/iPhoneXDemo";
			};
			name = Release;
		};
		E77AA4C31FFCD48B00812F45 /* Debug */ = {
			isa = XCBuildConfiguration;
			buildSettings = {
				ALWAYS_EMBED_SWIFT_STANDARD_LIBRARIES = YES;
				CODE_SIGN_STYLE = Automatic;
				DEVELOPMENT_TEAM = JXJV99SFC3;
				INFOPLIST_FILE = iPhoneXDemoUITests/Info.plist;
				LD_RUNPATH_SEARCH_PATHS = "$(inherited) @executable_path/Frameworks @loader_path/Frameworks";
				PRODUCT_BUNDLE_IDENTIFIER = com.cyrill..iPhoneXDemoUITests;
				PRODUCT_NAME = "$(TARGET_NAME)";
				SWIFT_VERSION = 4.0;
				TARGETED_DEVICE_FAMILY = "1,2";
				TEST_TARGET_NAME = iPhoneXDemo;
			};
			name = Debug;
		};
		E77AA4C41FFCD48B00812F45 /* Release */ = {
			isa = XCBuildConfiguration;
			buildSettings = {
				ALWAYS_EMBED_SWIFT_STANDARD_LIBRARIES = YES;
				CODE_SIGN_STYLE = Automatic;
				DEVELOPMENT_TEAM = JXJV99SFC3;
				INFOPLIST_FILE = iPhoneXDemoUITests/Info.plist;
				LD_RUNPATH_SEARCH_PATHS = "$(inherited) @executable_path/Frameworks @loader_path/Frameworks";
				PRODUCT_BUNDLE_IDENTIFIER = com.cyrill..iPhoneXDemoUITests;
				PRODUCT_NAME = "$(TARGET_NAME)";
				SWIFT_VERSION = 4.0;
				TARGETED_DEVICE_FAMILY = "1,2";
				TEST_TARGET_NAME = iPhoneXDemo;
			};
			name = Release;
		};
/* End XCBuildConfiguration section */

/* Begin XCConfigurationList section */
		E77AA48F1FFCD48A00812F45 /* Build configuration list for PBXProject "iPhoneXDemo" */ = {
			isa = XCConfigurationList;
			buildConfigurations = (
				E77AA4BA1FFCD48B00812F45 /* Debug */,
				E77AA4BB1FFCD48B00812F45 /* Release */,
			);
			defaultConfigurationIsVisible = 0;
			defaultConfigurationName = Release;
		};
		E77AA4BC1FFCD48B00812F45 /* Build configuration list for PBXNativeTarget "iPhoneXDemo" */ = {
			isa = XCConfigurationList;
			buildConfigurations = (
				E77AA4BD1FFCD48B00812F45 /* Debug */,
				E77AA4BE1FFCD48B00812F45 /* Release */,
			);
			defaultConfigurationIsVisible = 0;
			defaultConfigurationName = Release;
		};
		E77AA4BF1FFCD48B00812F45 /* Build configuration list for PBXNativeTarget "iPhoneXDemoTests" */ = {
			isa = XCConfigurationList;
			buildConfigurations = (
				E77AA4C01FFCD48B00812F45 /* Debug */,
				E77AA4C11FFCD48B00812F45 /* Release */,
			);
			defaultConfigurationIsVisible = 0;
			defaultConfigurationName = Release;
		};
		E77AA4C21FFCD48B00812F45 /* Build configuration list for PBXNativeTarget "iPhoneXDemoUITests" */ = {
			isa = XCConfigurationList;
			buildConfigurations = (
				E77AA4C31FFCD48B00812F45 /* Debug */,
				E77AA4C41FFCD48B00812F45 /* Release */,
			);
			defaultConfigurationIsVisible = 0;
			defaultConfigurationName = Release;
		};
/* End XCConfigurationList section */
	};
	rootObject = E77AA48C1FFCD48A00812F45 /* Project object */;
}
